
Microsoft Visual Studio Solution File, Format Version 12.00
# Visual Studio Version 17
VisualStudioVersion = 17.9.34723.18
MinimumVisualStudioVersion = 10.0.40219.1
Project("{FAE04EC0-301F-11D3-BF4B-00C04F79EFBC}") = "Pirates.Translator", "Pirates.Translator\Pirates.Translator.csproj", "{8D36D704-C79A-4EBA-9E9E-7BB263D53D28}"
EndProject
Project("{FAE04EC0-301F-11D3-BF4B-00C04F79EFBC}") = "Pirates.Translator.Service", "Pirates.Translator.Service\Pirates.Translator.Service.csproj", "{4044894E-F694-4391-BDA0-625C6ADC752A}"
EndProject
Global
	GlobalSection(SolutionConfigurationPlatforms) = preSolution
		Debug|Any CPU = Debug|Any CPU
		Release|Any CPU = Release|Any CPU
	EndGlobalSection
	GlobalSection(ProjectConfigurationPlatforms) = postSolution
		{8D36D704-C79A-4EBA-9E9E-7BB263D53D28}.Debug|Any CPU.ActiveCfg = Debug|Any CPU
		{8D36D704-C79A-4EBA-9E9E-7BB263D53D28}.Debug|Any CPU.Build.0 = Debug|Any CPU
		{8D36D704-C79A-4EBA-9E9E-7BB263D53D28}.Release|Any CPU.ActiveCfg = Release|Any CPU
		{8D36D704-C79A-4EBA-9E9E-7BB263D53D28}.Release|Any CPU.Build.0 = Release|Any CPU
		{4044894E-F694-4391-BDA0-625C6ADC752A}.Debug|Any CPU.ActiveCfg = Debug|Any CPU
		{4044894E-F694-4391-BDA0-625C6ADC752A}.Debug|Any CPU.Build.0 = Debug|Any CPU
		{4044894E-F694-4391-BDA0-625C6ADC752A}.Release|Any CPU.ActiveCfg = Release|Any CPU
		{4044894E-F694-4391-BDA0-625C6ADC752A}.Release|Any CPU.Build.0 = Release|Any CPU
	EndGlobalSection
	GlobalSection(SolutionProperties) = preSolution
		HideSolutionNode = FALSE
	EndGlobalSection
	GlobalSection(ExtensibilityGlobals) = postSolution
		SolutionGuid = {F210B447-1215-41F0-93BB-4FED2C09EF87}
	EndGlobalSection
EndGlobal
